
Microsoft Visual Studio Solution File, Format Version 12.00
# Visual Studio Version 17
VisualStudioVersion = 17.4.33110.190
MinimumVisualStudioVersion = 10.0.40219.1
Project("{9A19103F-16F7-4668-BE54-9A1E7A4F7556}") = "Spotiwood.Api.Fns.Search", "src\Spotiwood.Api.Fns.Search\Spotiwood.Api.Fns.Search.csproj", "{722CC030-FAB6-4A2D-A7A9-07847EFCC84A}"
EndProject
Project("{2150E333-8FDC-42A3-9474-1A3956D46DE8}") = "fns", "fns", "{BDC679DF-7A37-42BD-BD5D-A6B95C3154D7}"
EndProject
Project("{2150E333-8FDC-42A3-9474-1A3956D46DE8}") = "src", "src", "{B2EF4144-EB0B-4630-A57C-E4854B2C1CD3}"
EndProject
Project("{2150E333-8FDC-42A3-9474-1A3956D46DE8}") = "test", "test", "{1755C7CF-963A-4BCD-9C77-DD96B4522786}"
EndProject
Project("{9A19103F-16F7-4668-BE54-9A1E7A4F7556}") = "Spotiwood.Api.Search", "src\Spotiwood.Api.Search\Spotiwood.Api.Search.csproj", "{962EBE5F-4B65-4877-B8CA-E22B1241DA1A}"
EndProject
Project("{9A19103F-16F7-4668-BE54-9A1E7A4F7556}") = "Spotiwood.Integrations.Omdb", "src\Spotiwood.Integrations.Omdb\Spotiwood.Integrations.Omdb.csproj", "{3E4C3FEC-A585-45E4-AB1A-B8B5D7B98812}"
EndProject
Project("{9A19103F-16F7-4668-BE54-9A1E7A4F7556}") = "Spotiwood.Integrations.Omdb.UnitTests", "test\Spotiwood.Integrations.Omdb.UnitTests\Spotiwood.Integrations.Omdb.UnitTests.csproj", "{E1DFC8F1-9436-4C34-934E-80E36CF8CDA0}"
EndProject
Project("{9A19103F-16F7-4668-BE54-9A1E7A4F7556}") = "Spotiwood.Api.Search.UnitTests", "test\Spotiwood.Api.Search.UnitTests\Spotiwood.Api.Search.UnitTests.csproj", "{A1839440-3CB0-4223-9722-C61B3CC20DAB}"
EndProject
Project("{9A19103F-16F7-4668-BE54-9A1E7A4F7556}") = "Spotiwood.UnitTests.Common", "test\Spotiwood.UnitTests.Common\Spotiwood.UnitTests.Common.csproj", "{3FF8A4AA-28A6-4AEA-A09A-2E40BAC25E2B}"
EndProject
Project("{9A19103F-16F7-4668-BE54-9A1E7A4F7556}") = "Spotiwood.Framework.UnitTests", "test\Spotiwood.Framework.UnitTests\Spotiwood.Framework.UnitTests.csproj", "{D8C27C44-3F4A-44E4-B30D-DB00F7F7B86F}"
EndProject
Project("{9A19103F-16F7-4668-BE54-9A1E7A4F7556}") = "Spotiwood.Framework", "src\Spotiwood.Framework\Spotiwood.Framework.csproj", "{7DE418BB-5195-4A85-A946-C75F9BBD716D}"
EndProject
Project("{9A19103F-16F7-4668-BE54-9A1E7A4F7556}") = "Spotiwood.Api.SearchDetails", "src\Spotiwood.Api.SearchDetails\Spotiwood.Api.SearchDetails.csproj", "{F15EE8C7-F15D-4FFA-8180-511AD8AFA768}"
EndProject
Project("{9A19103F-16F7-4668-BE54-9A1E7A4F7556}") = "Spotiwood.Api.Fns.SearchDetails", "src\Spotiwood.Api.Fns.SearchDetails\Spotiwood.Api.Fns.SearchDetails.csproj", "{483E35A8-9902-4E58-9BB3-61332393DBE8}"
EndProject
Project("{9A19103F-16F7-4668-BE54-9A1E7A4F7556}") = "Spotiwood.Api.SearchDetails.UnitTests", "test\Spotiwood.Api.SearchDetails.UnitTests\Spotiwood.Api.SearchDetails.UnitTests.csproj", "{4AF0F37E-3213-4295-998C-0CC5B7314671}"
EndProject
Project("{9A19103F-16F7-4668-BE54-9A1E7A4F7556}") = "Spotiwood.Api.Playlists", "src\Spotiwood.Api.Playlists\Spotiwood.Api.Playlists.csproj", "{28188D45-3255-46A7-928E-1ED85C4590C4}"
EndProject
Project("{9A19103F-16F7-4668-BE54-9A1E7A4F7556}") = "Spotiwood.Api.Fns.PlaylistDetails", "src\Spotiwood.Api.Fns.PlaylistDetails\Spotiwood.Api.Fns.PlaylistDetails.csproj", "{12A79166-2572-4DE6-A46E-3169FA00698F}"
EndProject
Project("{FAE04EC0-301F-11D3-BF4B-00C04F79EFBC}") = "Spotiwood.Api.Playlists.UnitTests", "test\Spotiwood.Api.Playlists.UnitTests\Spotiwood.Api.Playlists.UnitTests.csproj", "{6E7EE44D-16FD-4E3D-B285-A28DA312A7E5}"
EndProject
Global
	GlobalSection(SolutionConfigurationPlatforms) = preSolution
		Debug|Any CPU = Debug|Any CPU
		Release|Any CPU = Release|Any CPU
	EndGlobalSection
	GlobalSection(ProjectConfigurationPlatforms) = postSolution
		{722CC030-FAB6-4A2D-A7A9-07847EFCC84A}.Debug|Any CPU.ActiveCfg = Debug|Any CPU
		{722CC030-FAB6-4A2D-A7A9-07847EFCC84A}.Debug|Any CPU.Build.0 = Debug|Any CPU
		{722CC030-FAB6-4A2D-A7A9-07847EFCC84A}.Release|Any CPU.ActiveCfg = Release|Any CPU
		{722CC030-FAB6-4A2D-A7A9-07847EFCC84A}.Release|Any CPU.Build.0 = Release|Any CPU
		{962EBE5F-4B65-4877-B8CA-E22B1241DA1A}.Debug|Any CPU.ActiveCfg = Debug|Any CPU
		{962EBE5F-4B65-4877-B8CA-E22B1241DA1A}.Debug|Any CPU.Build.0 = Debug|Any CPU
		{962EBE5F-4B65-4877-B8CA-E22B1241DA1A}.Release|Any CPU.ActiveCfg = Release|Any CPU
		{962EBE5F-4B65-4877-B8CA-E22B1241DA1A}.Release|Any CPU.Build.0 = Release|Any CPU
		{3E4C3FEC-A585-45E4-AB1A-B8B5D7B98812}.Debug|Any CPU.ActiveCfg = Debug|Any CPU
		{3E4C3FEC-A585-45E4-AB1A-B8B5D7B98812}.Debug|Any CPU.Build.0 = Debug|Any CPU
		{3E4C3FEC-A585-45E4-AB1A-B8B5D7B98812}.Release|Any CPU.ActiveCfg = Release|Any CPU
		{3E4C3FEC-A585-45E4-AB1A-B8B5D7B98812}.Release|Any CPU.Build.0 = Release|Any CPU
		{E1DFC8F1-9436-4C34-934E-80E36CF8CDA0}.Debug|Any CPU.ActiveCfg = Debug|Any CPU
		{E1DFC8F1-9436-4C34-934E-80E36CF8CDA0}.Debug|Any CPU.Build.0 = Debug|Any CPU
		{E1DFC8F1-9436-4C34-934E-80E36CF8CDA0}.Release|Any CPU.ActiveCfg = Release|Any CPU
		{E1DFC8F1-9436-4C34-934E-80E36CF8CDA0}.Release|Any CPU.Build.0 = Release|Any CPU
		{A1839440-3CB0-4223-9722-C61B3CC20DAB}.Debug|Any CPU.ActiveCfg = Debug|Any CPU
		{A1839440-3CB0-4223-9722-C61B3CC20DAB}.Debug|Any CPU.Build.0 = Debug|Any CPU
		{A1839440-3CB0-4223-9722-C61B3CC20DAB}.Release|Any CPU.ActiveCfg = Release|Any CPU
		{A1839440-3CB0-4223-9722-C61B3CC20DAB}.Release|Any CPU.Build.0 = Release|Any CPU
		{3FF8A4AA-28A6-4AEA-A09A-2E40BAC25E2B}.Debug|Any CPU.ActiveCfg = Debug|Any CPU
		{3FF8A4AA-28A6-4AEA-A09A-2E40BAC25E2B}.Debug|Any CPU.Build.0 = Debug|Any CPU
		{3FF8A4AA-28A6-4AEA-A09A-2E40BAC25E2B}.Release|Any CPU.ActiveCfg = Release|Any CPU
		{3FF8A4AA-28A6-4AEA-A09A-2E40BAC25E2B}.Release|Any CPU.Build.0 = Release|Any CPU
		{D8C27C44-3F4A-44E4-B30D-DB00F7F7B86F}.Debug|Any CPU.ActiveCfg = Debug|Any CPU
		{D8C27C44-3F4A-44E4-B30D-DB00F7F7B86F}.Debug|Any CPU.Build.0 = Debug|Any CPU
		{D8C27C44-3F4A-44E4-B30D-DB00F7F7B86F}.Release|Any CPU.ActiveCfg = Release|Any CPU
		{D8C27C44-3F4A-44E4-B30D-DB00F7F7B86F}.Release|Any CPU.Build.0 = Release|Any CPU
		{7DE418BB-5195-4A85-A946-C75F9BBD716D}.Debug|Any CPU.ActiveCfg = Debug|Any CPU
		{7DE418BB-5195-4A85-A946-C75F9BBD716D}.Debug|Any CPU.Build.0 = Debug|Any CPU
		{7DE418BB-5195-4A85-A946-C75F9BBD716D}.Release|Any CPU.ActiveCfg = Release|Any CPU
		{7DE418BB-5195-4A85-A946-C75F9BBD716D}.Release|Any CPU.Build.0 = Release|Any CPU
		{F15EE8C7-F15D-4FFA-8180-511AD8AFA768}.Debug|Any CPU.ActiveCfg = Debug|Any CPU
		{F15EE8C7-F15D-4FFA-8180-511AD8AFA768}.Debug|Any CPU.Build.0 = Debug|Any CPU
		{F15EE8C7-F15D-4FFA-8180-511AD8AFA768}.Release|Any CPU.ActiveCfg = Release|Any CPU
		{F15EE8C7-F15D-4FFA-8180-511AD8AFA768}.Release|Any CPU.Build.0 = Release|Any CPU
		{483E35A8-9902-4E58-9BB3-61332393DBE8}.Debug|Any CPU.ActiveCfg = Debug|Any CPU
		{483E35A8-9902-4E58-9BB3-61332393DBE8}.Debug|Any CPU.Build.0 = Debug|Any CPU
		{483E35A8-9902-4E58-9BB3-61332393DBE8}.Release|Any CPU.ActiveCfg = Release|Any CPU
		{483E35A8-9902-4E58-9BB3-61332393DBE8}.Release|Any CPU.Build.0 = Release|Any CPU
		{4AF0F37E-3213-4295-998C-0CC5B7314671}.Debug|Any CPU.ActiveCfg = Debug|Any CPU
		{4AF0F37E-3213-4295-998C-0CC5B7314671}.Debug|Any CPU.Build.0 = Debug|Any CPU
		{4AF0F37E-3213-4295-998C-0CC5B7314671}.Release|Any CPU.ActiveCfg = Release|Any CPU
		{4AF0F37E-3213-4295-998C-0CC5B7314671}.Release|Any CPU.Build.0 = Release|Any CPU
		{28188D45-3255-46A7-928E-1ED85C4590C4}.Debug|Any CPU.ActiveCfg = Debug|Any CPU
		{28188D45-3255-46A7-928E-1ED85C4590C4}.Debug|Any CPU.Build.0 = Debug|Any CPU
		{28188D45-3255-46A7-928E-1ED85C4590C4}.Release|Any CPU.ActiveCfg = Release|Any CPU
		{28188D45-3255-46A7-928E-1ED85C4590C4}.Release|Any CPU.Build.0 = Release|Any CPU
		{12A79166-2572-4DE6-A46E-3169FA00698F}.Debug|Any CPU.ActiveCfg = Debug|Any CPU
		{12A79166-2572-4DE6-A46E-3169FA00698F}.Debug|Any CPU.Build.0 = Debug|Any CPU
		{12A79166-2572-4DE6-A46E-3169FA00698F}.Release|Any CPU.ActiveCfg = Release|Any CPU
		{12A79166-2572-4DE6-A46E-3169FA00698F}.Release|Any CPU.Build.0 = Release|Any CPU
		{6E7EE44D-16FD-4E3D-B285-A28DA312A7E5}.Debug|Any CPU.ActiveCfg = Debug|Any CPU
		{6E7EE44D-16FD-4E3D-B285-A28DA312A7E5}.Debug|Any CPU.Build.0 = Debug|Any CPU
		{6E7EE44D-16FD-4E3D-B285-A28DA312A7E5}.Release|Any CPU.ActiveCfg = Release|Any CPU
		{6E7EE44D-16FD-4E3D-B285-A28DA312A7E5}.Release|Any CPU.Build.0 = Release|Any CPU
	EndGlobalSection
	GlobalSection(SolutionProperties) = preSolution
		HideSolutionNode = FALSE
	EndGlobalSection
	GlobalSection(NestedProjects) = preSolution
		{722CC030-FAB6-4A2D-A7A9-07847EFCC84A} = {BDC679DF-7A37-42BD-BD5D-A6B95C3154D7}
		{962EBE5F-4B65-4877-B8CA-E22B1241DA1A} = {B2EF4144-EB0B-4630-A57C-E4854B2C1CD3}
		{3E4C3FEC-A585-45E4-AB1A-B8B5D7B98812} = {B2EF4144-EB0B-4630-A57C-E4854B2C1CD3}
		{E1DFC8F1-9436-4C34-934E-80E36CF8CDA0} = {1755C7CF-963A-4BCD-9C77-DD96B4522786}
		{A1839440-3CB0-4223-9722-C61B3CC20DAB} = {1755C7CF-963A-4BCD-9C77-DD96B4522786}
		{3FF8A4AA-28A6-4AEA-A09A-2E40BAC25E2B} = {1755C7CF-963A-4BCD-9C77-DD96B4522786}
		{D8C27C44-3F4A-44E4-B30D-DB00F7F7B86F} = {1755C7CF-963A-4BCD-9C77-DD96B4522786}
		{7DE418BB-5195-4A85-A946-C75F9BBD716D} = {B2EF4144-EB0B-4630-A57C-E4854B2C1CD3}
		{F15EE8C7-F15D-4FFA-8180-511AD8AFA768} = {B2EF4144-EB0B-4630-A57C-E4854B2C1CD3}
		{483E35A8-9902-4E58-9BB3-61332393DBE8} = {BDC679DF-7A37-42BD-BD5D-A6B95C3154D7}
		{4AF0F37E-3213-4295-998C-0CC5B7314671} = {1755C7CF-963A-4BCD-9C77-DD96B4522786}
		{28188D45-3255-46A7-928E-1ED85C4590C4} = {B2EF4144-EB0B-4630-A57C-E4854B2C1CD3}
		{12A79166-2572-4DE6-A46E-3169FA00698F} = {BDC679DF-7A37-42BD-BD5D-A6B95C3154D7}
		{6E7EE44D-16FD-4E3D-B285-A28DA312A7E5} = {1755C7CF-963A-4BCD-9C77-DD96B4522786}
	EndGlobalSection
	GlobalSection(ExtensibilityGlobals) = postSolution
		SolutionGuid = {BC0CDDC5-107B-49E7-9B3F-EEE2C967E2F4}
	EndGlobalSection
EndGlobal
