
Microsoft Visual Studio Solution File, Format Version 12.00
# Visual Studio Version 17
VisualStudioVersion = 17.4.33110.190
MinimumVisualStudioVersion = 10.0.40219.1
Project("{9A19103F-16F7-4668-BE54-9A1E7A4F7556}") = "Spotiwood.Framework.Authentication", "Spotiwood.UI\src\Spotiwood.Framework.Authentication\Spotiwood.Framework.Authentication.csproj", "{80CC9F05-A1B3-4849-A35B-8828FE2B6C12}"
EndProject
Project("{9A19103F-16F7-4668-BE54-9A1E7A4F7556}") = "Spotiwood.UI.Components", "Spotiwood.UI\src\Spotiwood.UI.Components\Spotiwood.UI.Components.csproj", "{2AFC45A0-E37B-4A84-AB37-0D1B9E44D7B8}"
EndProject
Project("{9A19103F-16F7-4668-BE54-9A1E7A4F7556}") = "Spotiwood.UI.App", "Spotiwood.UI\src\Spotiwood.UI.App\Spotiwood.UI.App.csproj", "{96D37E30-230E-4F1A-A32D-217E44183043}"
EndProject
Global
	GlobalSection(SolutionConfigurationPlatforms) = preSolution
		Debug|Any CPU = Debug|Any CPU
		Release|Any CPU = Release|Any CPU
	EndGlobalSection
	GlobalSection(ProjectConfigurationPlatforms) = postSolution
		{80CC9F05-A1B3-4849-A35B-8828FE2B6C12}.Debug|Any CPU.ActiveCfg = Debug|Any CPU
		{80CC9F05-A1B3-4849-A35B-8828FE2B6C12}.Debug|Any CPU.Build.0 = Debug|Any CPU
		{80CC9F05-A1B3-4849-A35B-8828FE2B6C12}.Release|Any CPU.ActiveCfg = Release|Any CPU
		{80CC9F05-A1B3-4849-A35B-8828FE2B6C12}.Release|Any CPU.Build.0 = Release|Any CPU
		{2AFC45A0-E37B-4A84-AB37-0D1B9E44D7B8}.Debug|Any CPU.ActiveCfg = Debug|Any CPU
		{2AFC45A0-E37B-4A84-AB37-0D1B9E44D7B8}.Debug|Any CPU.Build.0 = Debug|Any CPU
		{2AFC45A0-E37B-4A84-AB37-0D1B9E44D7B8}.Release|Any CPU.ActiveCfg = Release|Any CPU
		{2AFC45A0-E37B-4A84-AB37-0D1B9E44D7B8}.Release|Any CPU.Build.0 = Release|Any CPU
		{96D37E30-230E-4F1A-A32D-217E44183043}.Debug|Any CPU.ActiveCfg = Debug|Any CPU
		{96D37E30-230E-4F1A-A32D-217E44183043}.Debug|Any CPU.Build.0 = Debug|Any CPU
		{96D37E30-230E-4F1A-A32D-217E44183043}.Release|Any CPU.ActiveCfg = Release|Any CPU
		{96D37E30-230E-4F1A-A32D-217E44183043}.Release|Any CPU.Build.0 = Release|Any CPU
	EndGlobalSection
	GlobalSection(SolutionProperties) = preSolution
		HideSolutionNode = FALSE
	EndGlobalSection
	GlobalSection(ExtensibilityGlobals) = postSolution
		SolutionGuid = {44F4807B-815D-4110-B460-36B9D6B835E4}
	EndGlobalSection
EndGlobal
