
Microsoft Visual Studio Solution File, Format Version 12.00
# Visual Studio Version 17
VisualStudioVersion = 17.4.33110.190
MinimumVisualStudioVersion = 10.0.40219.1
Project("{FAE04EC0-301F-11D3-BF4B-00C04F79EFBC}") = "Spotiwood.UI.App", "src\Spotiwood.UI.App\Spotiwood.UI.App.csproj", "{1C772A9C-9A6C-4B6B-9A93-D6E7ECD2C0C1}"
EndProject
Project("{FAE04EC0-301F-11D3-BF4B-00C04F79EFBC}") = "Spotiwood.Framework.Authentication", "Spotiwood.Framework.Authentication\Spotiwood.Framework.Authentication.csproj", "{5798B8E9-0694-48DE-AEAF-E43E629F7CDB}"
EndProject
Global
	GlobalSection(SolutionConfigurationPlatforms) = preSolution
		Debug|Any CPU = Debug|Any CPU
		Release|Any CPU = Release|Any CPU
	EndGlobalSection
	GlobalSection(ProjectConfigurationPlatforms) = postSolution
		{1C772A9C-9A6C-4B6B-9A93-D6E7ECD2C0C1}.Debug|Any CPU.ActiveCfg = Debug|Any CPU
		{1C772A9C-9A6C-4B6B-9A93-D6E7ECD2C0C1}.Debug|Any CPU.Build.0 = Debug|Any CPU
		{1C772A9C-9A6C-4B6B-9A93-D6E7ECD2C0C1}.Release|Any CPU.ActiveCfg = Release|Any CPU
		{1C772A9C-9A6C-4B6B-9A93-D6E7ECD2C0C1}.Release|Any CPU.Build.0 = Release|Any CPU
		{5798B8E9-0694-48DE-AEAF-E43E629F7CDB}.Debug|Any CPU.ActiveCfg = Debug|Any CPU
		{5798B8E9-0694-48DE-AEAF-E43E629F7CDB}.Debug|Any CPU.Build.0 = Debug|Any CPU
		{5798B8E9-0694-48DE-AEAF-E43E629F7CDB}.Release|Any CPU.ActiveCfg = Release|Any CPU
		{5798B8E9-0694-48DE-AEAF-E43E629F7CDB}.Release|Any CPU.Build.0 = Release|Any CPU
	EndGlobalSection
	GlobalSection(SolutionProperties) = preSolution
		HideSolutionNode = FALSE
	EndGlobalSection
	GlobalSection(ExtensibilityGlobals) = postSolution
		SolutionGuid = {44F4807B-815D-4110-B460-36B9D6B835E4}
	EndGlobalSection
EndGlobal
